
Microsoft Visual Studio Solution File, Format Version 12.00
# Visual Studio Version 17
VisualStudioVersion = 17.4.33110.190
MinimumVisualStudioVersion = 10.0.40219.1
Project("{FAE04EC0-301F-11D3-BF4B-00C04F79EFBC}") = "libCommerciaux", "libCommerciaux\libCommerciaux.csproj", "{D83E62D7-3A43-4740-9B08-C08572A5B2C0}"
EndProject
Project("{FAE04EC0-301F-11D3-BF4B-00C04F79EFBC}") = "consCommerciaux", "consCommerciaux\consCommerciaux.csproj", "{837F6DBF-EDCC-4C8E-B767-22BA21AE6499}"
EndProject
Project("{FAE04EC0-301F-11D3-BF4B-00C04F79EFBC}") = "UnitTestCommerciaux", "UnitTestCommerciaux\UnitTestCommerciaux.csproj", "{60CBB89F-246F-42EC-8B03-301889822FD7}"
EndProject
Global
	GlobalSection(SolutionConfigurationPlatforms) = preSolution
		Debug|Any CPU = Debug|Any CPU
		Release|Any CPU = Release|Any CPU
	EndGlobalSection
	GlobalSection(ProjectConfigurationPlatforms) = postSolution
		{D83E62D7-3A43-4740-9B08-C08572A5B2C0}.Debug|Any CPU.ActiveCfg = Debug|Any CPU
		{D83E62D7-3A43-4740-9B08-C08572A5B2C0}.Debug|Any CPU.Build.0 = Debug|Any CPU
		{D83E62D7-3A43-4740-9B08-C08572A5B2C0}.Release|Any CPU.ActiveCfg = Release|Any CPU
		{D83E62D7-3A43-4740-9B08-C08572A5B2C0}.Release|Any CPU.Build.0 = Release|Any CPU
		{837F6DBF-EDCC-4C8E-B767-22BA21AE6499}.Debug|Any CPU.ActiveCfg = Debug|Any CPU
		{837F6DBF-EDCC-4C8E-B767-22BA21AE6499}.Debug|Any CPU.Build.0 = Debug|Any CPU
		{837F6DBF-EDCC-4C8E-B767-22BA21AE6499}.Release|Any CPU.ActiveCfg = Release|Any CPU
		{837F6DBF-EDCC-4C8E-B767-22BA21AE6499}.Release|Any CPU.Build.0 = Release|Any CPU
		{60CBB89F-246F-42EC-8B03-301889822FD7}.Debug|Any CPU.ActiveCfg = Debug|Any CPU
		{60CBB89F-246F-42EC-8B03-301889822FD7}.Debug|Any CPU.Build.0 = Debug|Any CPU
		{60CBB89F-246F-42EC-8B03-301889822FD7}.Release|Any CPU.ActiveCfg = Release|Any CPU
		{60CBB89F-246F-42EC-8B03-301889822FD7}.Release|Any CPU.Build.0 = Release|Any CPU
	EndGlobalSection
	GlobalSection(SolutionProperties) = preSolution
		HideSolutionNode = FALSE
	EndGlobalSection
	GlobalSection(ExtensibilityGlobals) = postSolution
		SolutionGuid = {D896C433-9AF4-4049-BCB2-A6E31D70A3F8}
	EndGlobalSection
EndGlobal
